
Microsoft Visual Studio Solution File, Format Version 11.00
# Visual Studio 2010
Project("{F2A71F9B-5D33-465A-A702-920D77279786}") = "Website", "WebsharperDemo\Website\Website.fsproj", "{959A0494-42AA-4867-B65F-59DB469A44D9}"
EndProject
Project("{FAE04EC0-301F-11D3-BF4B-00C04F79EFBC}") = "Web", "WebsharperDemo\Web\Web.csproj", "{7411F01D-689C-412A-A850-1F90712EB62E}"
EndProject
Global
	GlobalSection(SolutionConfigurationPlatforms) = preSolution
		Debug|Any CPU = Debug|Any CPU
		Release|Any CPU = Release|Any CPU
	EndGlobalSection
	GlobalSection(ProjectConfigurationPlatforms) = postSolution
		{959A0494-42AA-4867-B65F-59DB469A44D9}.Debug|Any CPU.ActiveCfg = Debug|Any CPU
		{959A0494-42AA-4867-B65F-59DB469A44D9}.Debug|Any CPU.Build.0 = Debug|Any CPU
		{959A0494-42AA-4867-B65F-59DB469A44D9}.Release|Any CPU.ActiveCfg = Release|Any CPU
		{959A0494-42AA-4867-B65F-59DB469A44D9}.Release|Any CPU.Build.0 = Release|Any CPU
		{7411F01D-689C-412A-A850-1F90712EB62E}.Debug|Any CPU.ActiveCfg = Debug|Any CPU
		{7411F01D-689C-412A-A850-1F90712EB62E}.Debug|Any CPU.Build.0 = Debug|Any CPU
		{7411F01D-689C-412A-A850-1F90712EB62E}.Release|Any CPU.ActiveCfg = Release|Any CPU
		{7411F01D-689C-412A-A850-1F90712EB62E}.Release|Any CPU.Build.0 = Release|Any CPU
	EndGlobalSection
	GlobalSection(SolutionProperties) = preSolution
		HideSolutionNode = FALSE
	EndGlobalSection
EndGlobal
