
Microsoft Visual Studio Solution File, Format Version 11.00
# Visual Studio 2010
Project("{F2A71F9B-5D33-465A-A702-920D77279786}") = "Website", "FormDesigner\Website\Website.fsproj", "{3387DDF8-A5C2-455F-AC2A-E4A1906C24CC}"
EndProject
Project("{FAE04EC0-301F-11D3-BF4B-00C04F79EFBC}") = "Web", "FormDesigner\Web\Web.csproj", "{7BD85B37-2D53-453A-AACC-665BEEFCFC76}"
EndProject
Global
	GlobalSection(SolutionConfigurationPlatforms) = preSolution
		Debug|Any CPU = Debug|Any CPU
		Release|Any CPU = Release|Any CPU
	EndGlobalSection
	GlobalSection(ProjectConfigurationPlatforms) = postSolution
		{3387DDF8-A5C2-455F-AC2A-E4A1906C24CC}.Debug|Any CPU.ActiveCfg = Debug|Any CPU
		{3387DDF8-A5C2-455F-AC2A-E4A1906C24CC}.Debug|Any CPU.Build.0 = Debug|Any CPU
		{3387DDF8-A5C2-455F-AC2A-E4A1906C24CC}.Release|Any CPU.ActiveCfg = Release|Any CPU
		{3387DDF8-A5C2-455F-AC2A-E4A1906C24CC}.Release|Any CPU.Build.0 = Release|Any CPU
		{7BD85B37-2D53-453A-AACC-665BEEFCFC76}.Debug|Any CPU.ActiveCfg = Debug|Any CPU
		{7BD85B37-2D53-453A-AACC-665BEEFCFC76}.Debug|Any CPU.Build.0 = Debug|Any CPU
		{7BD85B37-2D53-453A-AACC-665BEEFCFC76}.Release|Any CPU.ActiveCfg = Release|Any CPU
		{7BD85B37-2D53-453A-AACC-665BEEFCFC76}.Release|Any CPU.Build.0 = Release|Any CPU
	EndGlobalSection
	GlobalSection(SolutionProperties) = preSolution
		HideSolutionNode = FALSE
	EndGlobalSection
EndGlobal
