
Microsoft Visual Studio Solution File, Format Version 12.00
# Visual Studio 2012
Project("{F2A71F9B-5D33-465A-A702-920D77279786}") = "WindowsPhoneGenerator", "WindowsPhoneGenerator\WindowsPhoneGenerator.fsproj", "{57D4D850-CA97-4249-A58E-FF6D34733CA3}"
EndProject
Global
	GlobalSection(SolutionConfigurationPlatforms) = preSolution
		Debug|x86 = Debug|x86
		Release|x86 = Release|x86
	EndGlobalSection
	GlobalSection(ProjectConfigurationPlatforms) = postSolution
		{57D4D850-CA97-4249-A58E-FF6D34733CA3}.Debug|x86.ActiveCfg = Debug|x86
		{57D4D850-CA97-4249-A58E-FF6D34733CA3}.Debug|x86.Build.0 = Debug|x86
		{57D4D850-CA97-4249-A58E-FF6D34733CA3}.Release|x86.ActiveCfg = Release|x86
		{57D4D850-CA97-4249-A58E-FF6D34733CA3}.Release|x86.Build.0 = Release|x86
	EndGlobalSection
	GlobalSection(SolutionProperties) = preSolution
		HideSolutionNode = FALSE
	EndGlobalSection
EndGlobal
