
Microsoft Visual Studio Solution File, Format Version 12.00
# Visual Studio 2013
VisualStudioVersion = 12.0.30110.0
MinimumVisualStudioVersion = 10.0.40219.1
Project("{FAE04EC0-301F-11D3-BF4B-00C04F79EFBC}") = "QReal-MobileDesigner", "QReal-MobileDesigner\QReal-MobileDesigner.csproj", "{82D07505-EB8C-49BF-B8D1-878758D6473A}"
EndProject
Project("{FAE04EC0-301F-11D3-BF4B-00C04F79EFBC}") = "MobileAppDesigner", "..\..\..\..\Workspace\QReal-web\qreal-web\MobileAppDesigner\MobileAppDesigner\MobileAppDesigner.csproj", "{639E4292-EBC4-46F1-9F3E-724D2CF88482}"
EndProject
Global
	GlobalSection(SolutionConfigurationPlatforms) = preSolution
		Debug|Any CPU = Debug|Any CPU
		Release|Any CPU = Release|Any CPU
	EndGlobalSection
	GlobalSection(ProjectConfigurationPlatforms) = postSolution
		{82D07505-EB8C-49BF-B8D1-878758D6473A}.Debug|Any CPU.ActiveCfg = Debug|Any CPU
		{82D07505-EB8C-49BF-B8D1-878758D6473A}.Debug|Any CPU.Build.0 = Debug|Any CPU
		{82D07505-EB8C-49BF-B8D1-878758D6473A}.Release|Any CPU.ActiveCfg = Release|Any CPU
		{82D07505-EB8C-49BF-B8D1-878758D6473A}.Release|Any CPU.Build.0 = Release|Any CPU
		{639E4292-EBC4-46F1-9F3E-724D2CF88482}.Debug|Any CPU.ActiveCfg = Debug|Any CPU
		{639E4292-EBC4-46F1-9F3E-724D2CF88482}.Debug|Any CPU.Build.0 = Debug|Any CPU
		{639E4292-EBC4-46F1-9F3E-724D2CF88482}.Release|Any CPU.ActiveCfg = Release|Any CPU
		{639E4292-EBC4-46F1-9F3E-724D2CF88482}.Release|Any CPU.Build.0 = Release|Any CPU
	EndGlobalSection
	GlobalSection(SolutionProperties) = preSolution
		HideSolutionNode = FALSE
	EndGlobalSection
EndGlobal
